
Microsoft Visual Studio Solution File, Format Version 12.00
Project("{FAE04EC0-301F-11D3-BF4B-00C04F79EFBC}") = "UnfoldedCircle.FireTV", "src\UnfoldedCircle.FireTV\UnfoldedCircle.FireTV.csproj", "{5B3BC84E-4BCF-443D-8B84-92550576803C}"
EndProject
Project("{2150E333-8FDC-42A3-9474-1A3956D46DE8}") = "src", "src", "{68022D3B-601E-42C5-801D-997E7431DC53}"
EndProject
Project("{FAE04EC0-301F-11D3-BF4B-00C04F79EFBC}") = "UnfoldedCircle.Server", "src\UnfoldedCircle.Server\UnfoldedCircle.Server.csproj", "{2676458A-9117-4CBE-9DFD-783F464A455F}"
EndProject
Project("{FAE04EC0-301F-11D3-BF4B-00C04F79EFBC}") = "UnfoldedCircle.Models", "src\UnfoldedCircle.Models\UnfoldedCircle.Models.csproj", "{62990850-0EE2-4D37-9F24-0E3EBABDBB7C}"
EndProject
Project("{FAE04EC0-301F-11D3-BF4B-00C04F79EFBC}") = "UnfoldedCircle.Generators.Attributes", "src\UnfoldedCircle.Generators.Attributes\UnfoldedCircle.Generators.Attributes.csproj", "{8A4A8325-06A0-4087-A23E-C0741C5F4480}"
EndProject
Project("{FAE04EC0-301F-11D3-BF4B-00C04F79EFBC}") = "UnfoldedCircle.Generators", "src\UnfoldedCircle.Generators\UnfoldedCircle.Generators.csproj", "{3E34E8CE-8C59-4430-9974-B6B1CA9885B2}"
EndProject
Project("{FAE04EC0-301F-11D3-BF4B-00C04F79EFBC}") = "Dns", "src\Dns\Dns.csproj", "{AD4AFFA0-726C-4C0E-968F-CC792B9BC6D5}"
EndProject
Project("{FAE04EC0-301F-11D3-BF4B-00C04F79EFBC}") = "Mdns", "src\Mdns\Mdns.csproj", "{C30056E0-AB2F-46A1-AF7C-4DBAB533A8F1}"
EndProject
Project("{2150E333-8FDC-42A3-9474-1A3956D46DE8}") = "gh-actions", "gh-actions", "{6600CAC3-A12D-4F26-B951-394F7109E39D}"
	ProjectSection(SolutionItems) = preProject
		.github\workflows\github-release.yml = .github\workflows\github-release.yml
		.github\workflows\qodana_code_quality.yml = .github\workflows\qodana_code_quality.yml
		.github\workflows\docker.yml = .github\workflows\docker.yml
		.github\workflows\dependency-review.yml = .github\workflows\dependency-review.yml
		.github\workflows\ci.yml = .github\workflows\ci.yml
	EndProjectSection
EndProject
Global
	GlobalSection(SolutionConfigurationPlatforms) = preSolution
		Debug|Any CPU = Debug|Any CPU
		Release|Any CPU = Release|Any CPU
	EndGlobalSection
	GlobalSection(ProjectConfigurationPlatforms) = postSolution
		{5B3BC84E-4BCF-443D-8B84-92550576803C}.Debug|Any CPU.ActiveCfg = Debug|Any CPU
		{5B3BC84E-4BCF-443D-8B84-92550576803C}.Debug|Any CPU.Build.0 = Debug|Any CPU
		{5B3BC84E-4BCF-443D-8B84-92550576803C}.Release|Any CPU.ActiveCfg = Release|Any CPU
		{5B3BC84E-4BCF-443D-8B84-92550576803C}.Release|Any CPU.Build.0 = Release|Any CPU
		{2676458A-9117-4CBE-9DFD-783F464A455F}.Debug|Any CPU.ActiveCfg = Debug|Any CPU
		{2676458A-9117-4CBE-9DFD-783F464A455F}.Debug|Any CPU.Build.0 = Debug|Any CPU
		{2676458A-9117-4CBE-9DFD-783F464A455F}.Release|Any CPU.ActiveCfg = Release|Any CPU
		{2676458A-9117-4CBE-9DFD-783F464A455F}.Release|Any CPU.Build.0 = Release|Any CPU
		{62990850-0EE2-4D37-9F24-0E3EBABDBB7C}.Debug|Any CPU.ActiveCfg = Debug|Any CPU
		{62990850-0EE2-4D37-9F24-0E3EBABDBB7C}.Debug|Any CPU.Build.0 = Debug|Any CPU
		{62990850-0EE2-4D37-9F24-0E3EBABDBB7C}.Release|Any CPU.ActiveCfg = Release|Any CPU
		{62990850-0EE2-4D37-9F24-0E3EBABDBB7C}.Release|Any CPU.Build.0 = Release|Any CPU
		{8A4A8325-06A0-4087-A23E-C0741C5F4480}.Debug|Any CPU.ActiveCfg = Debug|Any CPU
		{8A4A8325-06A0-4087-A23E-C0741C5F4480}.Debug|Any CPU.Build.0 = Debug|Any CPU
		{8A4A8325-06A0-4087-A23E-C0741C5F4480}.Release|Any CPU.ActiveCfg = Release|Any CPU
		{8A4A8325-06A0-4087-A23E-C0741C5F4480}.Release|Any CPU.Build.0 = Release|Any CPU
		{3E34E8CE-8C59-4430-9974-B6B1CA9885B2}.Debug|Any CPU.ActiveCfg = Debug|Any CPU
		{3E34E8CE-8C59-4430-9974-B6B1CA9885B2}.Debug|Any CPU.Build.0 = Debug|Any CPU
		{3E34E8CE-8C59-4430-9974-B6B1CA9885B2}.Release|Any CPU.ActiveCfg = Release|Any CPU
		{3E34E8CE-8C59-4430-9974-B6B1CA9885B2}.Release|Any CPU.Build.0 = Release|Any CPU
		{AD4AFFA0-726C-4C0E-968F-CC792B9BC6D5}.Debug|Any CPU.ActiveCfg = Debug|Any CPU
		{AD4AFFA0-726C-4C0E-968F-CC792B9BC6D5}.Debug|Any CPU.Build.0 = Debug|Any CPU
		{AD4AFFA0-726C-4C0E-968F-CC792B9BC6D5}.Release|Any CPU.ActiveCfg = Release|Any CPU
		{AD4AFFA0-726C-4C0E-968F-CC792B9BC6D5}.Release|Any CPU.Build.0 = Release|Any CPU
		{C30056E0-AB2F-46A1-AF7C-4DBAB533A8F1}.Debug|Any CPU.ActiveCfg = Debug|Any CPU
		{C30056E0-AB2F-46A1-AF7C-4DBAB533A8F1}.Debug|Any CPU.Build.0 = Debug|Any CPU
		{C30056E0-AB2F-46A1-AF7C-4DBAB533A8F1}.Release|Any CPU.ActiveCfg = Release|Any CPU
		{C30056E0-AB2F-46A1-AF7C-4DBAB533A8F1}.Release|Any CPU.Build.0 = Release|Any CPU
	EndGlobalSection
	GlobalSection(NestedProjects) = preSolution
		{2676458A-9117-4CBE-9DFD-783F464A455F} = {68022D3B-601E-42C5-801D-997E7431DC53}
		{62990850-0EE2-4D37-9F24-0E3EBABDBB7C} = {68022D3B-601E-42C5-801D-997E7431DC53}
		{8A4A8325-06A0-4087-A23E-C0741C5F4480} = {68022D3B-601E-42C5-801D-997E7431DC53}
		{3E34E8CE-8C59-4430-9974-B6B1CA9885B2} = {68022D3B-601E-42C5-801D-997E7431DC53}
		{AD4AFFA0-726C-4C0E-968F-CC792B9BC6D5} = {68022D3B-601E-42C5-801D-997E7431DC53}
		{C30056E0-AB2F-46A1-AF7C-4DBAB533A8F1} = {68022D3B-601E-42C5-801D-997E7431DC53}
		{5B3BC84E-4BCF-443D-8B84-92550576803C} = {68022D3B-601E-42C5-801D-997E7431DC53}
	EndGlobalSection
EndGlobal
